
Microsoft Visual Studio Solution File, Format Version 12.00
# Visual Studio Version 16
VisualStudioVersion = 16.0.30804.86
MinimumVisualStudioVersion = 10.0.40219.1
Project("{FAE04EC0-301F-11D3-BF4B-00C04F79EFBC}") = "CeaserCipherEncrypter", "CeaserCipherEncrypter\CeaserCipherEncrypter.csproj", "{DDC3C72A-1ED3-44BD-BFDF-DBC8C4EC70B9}"
EndProject
Global
	GlobalSection(SolutionConfigurationPlatforms) = preSolution
		Debug|Any CPU = Debug|Any CPU
		Release|Any CPU = Release|Any CPU
	EndGlobalSection
	GlobalSection(ProjectConfigurationPlatforms) = postSolution
		{DDC3C72A-1ED3-44BD-BFDF-DBC8C4EC70B9}.Debug|Any CPU.ActiveCfg = Debug|Any CPU
		{DDC3C72A-1ED3-44BD-BFDF-DBC8C4EC70B9}.Debug|Any CPU.Build.0 = Debug|Any CPU
		{DDC3C72A-1ED3-44BD-BFDF-DBC8C4EC70B9}.Release|Any CPU.ActiveCfg = Release|Any CPU
		{DDC3C72A-1ED3-44BD-BFDF-DBC8C4EC70B9}.Release|Any CPU.Build.0 = Release|Any CPU
	EndGlobalSection
	GlobalSection(SolutionProperties) = preSolution
		HideSolutionNode = FALSE
	EndGlobalSection
	GlobalSection(ExtensibilityGlobals) = postSolution
		SolutionGuid = {9758FC2A-0DC3-4CA1-9599-A8AFF54A9F19}
	EndGlobalSection
EndGlobal
