
Microsoft Visual Studio Solution File, Format Version 12.00
# Visual Studio Version 16
VisualStudioVersion = 16.0.30804.86
MinimumVisualStudioVersion = 10.0.40219.1
Project("{FAE04EC0-301F-11D3-BF4B-00C04F79EFBC}") = "ConvertNumbersToWords", "ConvertNumbersToWords\ConvertNumbersToWords.csproj", "{B13190EF-4EE7-476E-886E-47DB2DED610E}"
EndProject
Global
	GlobalSection(SolutionConfigurationPlatforms) = preSolution
		Debug|Any CPU = Debug|Any CPU
		Release|Any CPU = Release|Any CPU
	EndGlobalSection
	GlobalSection(ProjectConfigurationPlatforms) = postSolution
		{B13190EF-4EE7-476E-886E-47DB2DED610E}.Debug|Any CPU.ActiveCfg = Debug|Any CPU
		{B13190EF-4EE7-476E-886E-47DB2DED610E}.Debug|Any CPU.Build.0 = Debug|Any CPU
		{B13190EF-4EE7-476E-886E-47DB2DED610E}.Release|Any CPU.ActiveCfg = Release|Any CPU
		{B13190EF-4EE7-476E-886E-47DB2DED610E}.Release|Any CPU.Build.0 = Release|Any CPU
	EndGlobalSection
	GlobalSection(SolutionProperties) = preSolution
		HideSolutionNode = FALSE
	EndGlobalSection
	GlobalSection(ExtensibilityGlobals) = postSolution
		SolutionGuid = {324A4F35-2AF4-4670-B3BD-94386E2FED26}
	EndGlobalSection
EndGlobal
