
Microsoft Visual Studio Solution File, Format Version 12.00
# Visual Studio Version 16
VisualStudioVersion = 16.0.30804.86
MinimumVisualStudioVersion = 10.0.40219.1
Project("{FAE04EC0-301F-11D3-BF4B-00C04F79EFBC}") = "PowerSetOrSubsets", "PowerSetOrSubsets\PowerSetOrSubsets.csproj", "{BA6640F1-BB7B-4555-928E-EECD444583C1}"
EndProject
Global
	GlobalSection(SolutionConfigurationPlatforms) = preSolution
		Debug|Any CPU = Debug|Any CPU
		Release|Any CPU = Release|Any CPU
	EndGlobalSection
	GlobalSection(ProjectConfigurationPlatforms) = postSolution
		{BA6640F1-BB7B-4555-928E-EECD444583C1}.Debug|Any CPU.ActiveCfg = Debug|Any CPU
		{BA6640F1-BB7B-4555-928E-EECD444583C1}.Debug|Any CPU.Build.0 = Debug|Any CPU
		{BA6640F1-BB7B-4555-928E-EECD444583C1}.Release|Any CPU.ActiveCfg = Release|Any CPU
		{BA6640F1-BB7B-4555-928E-EECD444583C1}.Release|Any CPU.Build.0 = Release|Any CPU
	EndGlobalSection
	GlobalSection(SolutionProperties) = preSolution
		HideSolutionNode = FALSE
	EndGlobalSection
	GlobalSection(ExtensibilityGlobals) = postSolution
		SolutionGuid = {9FD02D8A-A6B1-46FA-9CF0-27816B8C2B33}
	EndGlobalSection
EndGlobal
