
Microsoft Visual Studio Solution File, Format Version 12.00
# Visual Studio Version 16
VisualStudioVersion = 16.0.30523.141
MinimumVisualStudioVersion = 10.0.40219.1
Project("{FAE04EC0-301F-11D3-BF4B-00C04F79EFBC}") = "LinkedListPalindrome", "LinkedListPalindrome\LinkedListPalindrome.csproj", "{33771E98-AC52-42A4-AF16-B6132B61B0D0}"
EndProject
Global
	GlobalSection(SolutionConfigurationPlatforms) = preSolution
		Debug|Any CPU = Debug|Any CPU
		Release|Any CPU = Release|Any CPU
	EndGlobalSection
	GlobalSection(ProjectConfigurationPlatforms) = postSolution
		{33771E98-AC52-42A4-AF16-B6132B61B0D0}.Debug|Any CPU.ActiveCfg = Debug|Any CPU
		{33771E98-AC52-42A4-AF16-B6132B61B0D0}.Debug|Any CPU.Build.0 = Debug|Any CPU
		{33771E98-AC52-42A4-AF16-B6132B61B0D0}.Release|Any CPU.ActiveCfg = Release|Any CPU
		{33771E98-AC52-42A4-AF16-B6132B61B0D0}.Release|Any CPU.Build.0 = Release|Any CPU
	EndGlobalSection
	GlobalSection(SolutionProperties) = preSolution
		HideSolutionNode = FALSE
	EndGlobalSection
	GlobalSection(ExtensibilityGlobals) = postSolution
		SolutionGuid = {EF43E6CA-364D-4D20-AAC2-C3AF6B4E7594}
	EndGlobalSection
EndGlobal
