
Microsoft Visual Studio Solution File, Format Version 12.00
# Visual Studio Version 16
VisualStudioVersion = 16.0.30804.86
MinimumVisualStudioVersion = 10.0.40219.1
Project("{FAE04EC0-301F-11D3-BF4B-00C04F79EFBC}") = "LRUCache", "LRUCache\LRUCache.csproj", "{607CE6A4-6BA9-4D4B-B7E9-203B25B78D67}"
EndProject
Global
	GlobalSection(SolutionConfigurationPlatforms) = preSolution
		Debug|Any CPU = Debug|Any CPU
		Release|Any CPU = Release|Any CPU
	EndGlobalSection
	GlobalSection(ProjectConfigurationPlatforms) = postSolution
		{607CE6A4-6BA9-4D4B-B7E9-203B25B78D67}.Debug|Any CPU.ActiveCfg = Debug|Any CPU
		{607CE6A4-6BA9-4D4B-B7E9-203B25B78D67}.Debug|Any CPU.Build.0 = Debug|Any CPU
		{607CE6A4-6BA9-4D4B-B7E9-203B25B78D67}.Release|Any CPU.ActiveCfg = Release|Any CPU
		{607CE6A4-6BA9-4D4B-B7E9-203B25B78D67}.Release|Any CPU.Build.0 = Release|Any CPU
	EndGlobalSection
	GlobalSection(SolutionProperties) = preSolution
		HideSolutionNode = FALSE
	EndGlobalSection
	GlobalSection(ExtensibilityGlobals) = postSolution
		SolutionGuid = {FE9CEDB3-CFF2-41CF-AD3D-DAE51C3E6BDB}
	EndGlobalSection
EndGlobal
