
Microsoft Visual Studio Solution File, Format Version 12.00
# Visual Studio Version 16
VisualStudioVersion = 16.0.30804.86
MinimumVisualStudioVersion = 10.0.40219.1
Project("{FAE04EC0-301F-11D3-BF4B-00C04F79EFBC}") = "RectangularAreaHistogram", "RectangularAreaHistogram\RectangularAreaHistogram.csproj", "{622D4C05-5194-4AA1-978E-BBF300F8EB0D}"
EndProject
Global
	GlobalSection(SolutionConfigurationPlatforms) = preSolution
		Debug|Any CPU = Debug|Any CPU
		Release|Any CPU = Release|Any CPU
	EndGlobalSection
	GlobalSection(ProjectConfigurationPlatforms) = postSolution
		{622D4C05-5194-4AA1-978E-BBF300F8EB0D}.Debug|Any CPU.ActiveCfg = Debug|Any CPU
		{622D4C05-5194-4AA1-978E-BBF300F8EB0D}.Debug|Any CPU.Build.0 = Debug|Any CPU
		{622D4C05-5194-4AA1-978E-BBF300F8EB0D}.Release|Any CPU.ActiveCfg = Release|Any CPU
		{622D4C05-5194-4AA1-978E-BBF300F8EB0D}.Release|Any CPU.Build.0 = Release|Any CPU
	EndGlobalSection
	GlobalSection(SolutionProperties) = preSolution
		HideSolutionNode = FALSE
	EndGlobalSection
	GlobalSection(ExtensibilityGlobals) = postSolution
		SolutionGuid = {44D2A156-4181-467D-AF60-A103E3A52B77}
	EndGlobalSection
EndGlobal
