
Microsoft Visual Studio Solution File, Format Version 12.00
# Visual Studio Version 16
VisualStudioVersion = 16.0.30804.86
MinimumVisualStudioVersion = 10.0.40219.1
Project("{FAE04EC0-301F-11D3-BF4B-00C04F79EFBC}") = "MainWordInSmallWords", "MainWordInSmallWords\MainWordInSmallWords.csproj", "{68C16FF5-A640-48F5-8402-839CE10A672E}"
EndProject
Global
	GlobalSection(SolutionConfigurationPlatforms) = preSolution
		Debug|Any CPU = Debug|Any CPU
		Release|Any CPU = Release|Any CPU
	EndGlobalSection
	GlobalSection(ProjectConfigurationPlatforms) = postSolution
		{68C16FF5-A640-48F5-8402-839CE10A672E}.Debug|Any CPU.ActiveCfg = Debug|Any CPU
		{68C16FF5-A640-48F5-8402-839CE10A672E}.Debug|Any CPU.Build.0 = Debug|Any CPU
		{68C16FF5-A640-48F5-8402-839CE10A672E}.Release|Any CPU.ActiveCfg = Release|Any CPU
		{68C16FF5-A640-48F5-8402-839CE10A672E}.Release|Any CPU.Build.0 = Release|Any CPU
	EndGlobalSection
	GlobalSection(SolutionProperties) = preSolution
		HideSolutionNode = FALSE
	EndGlobalSection
	GlobalSection(ExtensibilityGlobals) = postSolution
		SolutionGuid = {C6E10F6B-F85D-42F0-AFBA-E7F4037AEA9C}
	EndGlobalSection
EndGlobal
