
Microsoft Visual Studio Solution File, Format Version 12.00
# Visual Studio Version 16
VisualStudioVersion = 16.0.30804.86
MinimumVisualStudioVersion = 10.0.40219.1
Project("{FAE04EC0-301F-11D3-BF4B-00C04F79EFBC}") = "UnderscorifyTheSubstring", "UnderscorifyTheSubstring\UnderscorifyTheSubstring.csproj", "{F3DE7D40-757B-4A84-8400-E19E9329F820}"
EndProject
Global
	GlobalSection(SolutionConfigurationPlatforms) = preSolution
		Debug|Any CPU = Debug|Any CPU
		Release|Any CPU = Release|Any CPU
	EndGlobalSection
	GlobalSection(ProjectConfigurationPlatforms) = postSolution
		{F3DE7D40-757B-4A84-8400-E19E9329F820}.Debug|Any CPU.ActiveCfg = Debug|Any CPU
		{F3DE7D40-757B-4A84-8400-E19E9329F820}.Debug|Any CPU.Build.0 = Debug|Any CPU
		{F3DE7D40-757B-4A84-8400-E19E9329F820}.Release|Any CPU.ActiveCfg = Release|Any CPU
		{F3DE7D40-757B-4A84-8400-E19E9329F820}.Release|Any CPU.Build.0 = Release|Any CPU
	EndGlobalSection
	GlobalSection(SolutionProperties) = preSolution
		HideSolutionNode = FALSE
	EndGlobalSection
	GlobalSection(ExtensibilityGlobals) = postSolution
		SolutionGuid = {14052BF6-9BA9-45C3-92E9-C34DF1B58BFC}
	EndGlobalSection
EndGlobal
