
Microsoft Visual Studio Solution File, Format Version 12.00
# Visual Studio Version 16
VisualStudioVersion = 16.0.30804.86
MinimumVisualStudioVersion = 10.0.40219.1
Project("{FAE04EC0-301F-11D3-BF4B-00C04F79EFBC}") = "Factorial", "Factorial\Factorial.csproj", "{10183C69-C69B-47FC-9944-8AA3AC37367B}"
EndProject
Global
	GlobalSection(SolutionConfigurationPlatforms) = preSolution
		Debug|Any CPU = Debug|Any CPU
		Release|Any CPU = Release|Any CPU
	EndGlobalSection
	GlobalSection(ProjectConfigurationPlatforms) = postSolution
		{10183C69-C69B-47FC-9944-8AA3AC37367B}.Debug|Any CPU.ActiveCfg = Debug|Any CPU
		{10183C69-C69B-47FC-9944-8AA3AC37367B}.Debug|Any CPU.Build.0 = Debug|Any CPU
		{10183C69-C69B-47FC-9944-8AA3AC37367B}.Release|Any CPU.ActiveCfg = Release|Any CPU
		{10183C69-C69B-47FC-9944-8AA3AC37367B}.Release|Any CPU.Build.0 = Release|Any CPU
	EndGlobalSection
	GlobalSection(SolutionProperties) = preSolution
		HideSolutionNode = FALSE
	EndGlobalSection
	GlobalSection(ExtensibilityGlobals) = postSolution
		SolutionGuid = {2BD035F7-16CE-49EC-832F-89761C2D299C}
	EndGlobalSection
EndGlobal
