
Microsoft Visual Studio Solution File, Format Version 12.00
# Visual Studio Version 16
VisualStudioVersion = 16.0.30804.86
MinimumVisualStudioVersion = 10.0.40219.1
Project("{FAE04EC0-301F-11D3-BF4B-00C04F79EFBC}") = "SunsetViews", "SunsetViews\SunsetViews.csproj", "{BBB6CBAF-C720-4F55-8BB4-93573E7C7C3D}"
EndProject
Global
	GlobalSection(SolutionConfigurationPlatforms) = preSolution
		Debug|Any CPU = Debug|Any CPU
		Release|Any CPU = Release|Any CPU
	EndGlobalSection
	GlobalSection(ProjectConfigurationPlatforms) = postSolution
		{BBB6CBAF-C720-4F55-8BB4-93573E7C7C3D}.Debug|Any CPU.ActiveCfg = Debug|Any CPU
		{BBB6CBAF-C720-4F55-8BB4-93573E7C7C3D}.Debug|Any CPU.Build.0 = Debug|Any CPU
		{BBB6CBAF-C720-4F55-8BB4-93573E7C7C3D}.Release|Any CPU.ActiveCfg = Release|Any CPU
		{BBB6CBAF-C720-4F55-8BB4-93573E7C7C3D}.Release|Any CPU.Build.0 = Release|Any CPU
	EndGlobalSection
	GlobalSection(SolutionProperties) = preSolution
		HideSolutionNode = FALSE
	EndGlobalSection
	GlobalSection(ExtensibilityGlobals) = postSolution
		SolutionGuid = {7398F67D-8071-41A0-8006-B42C84A08A24}
	EndGlobalSection
EndGlobal
