
Microsoft Visual Studio Solution File, Format Version 12.00
# Visual Studio Version 16
VisualStudioVersion = 16.0.30523.141
MinimumVisualStudioVersion = 10.0.40219.1
Project("{FAE04EC0-301F-11D3-BF4B-00C04F79EFBC}") = "TopologicalSort", "TopologicalSort\TopologicalSort.csproj", "{EFC67A80-4123-4E48-A811-10D1C6C877B8}"
EndProject
Global
	GlobalSection(SolutionConfigurationPlatforms) = preSolution
		Debug|Any CPU = Debug|Any CPU
		Release|Any CPU = Release|Any CPU
	EndGlobalSection
	GlobalSection(ProjectConfigurationPlatforms) = postSolution
		{EFC67A80-4123-4E48-A811-10D1C6C877B8}.Debug|Any CPU.ActiveCfg = Debug|Any CPU
		{EFC67A80-4123-4E48-A811-10D1C6C877B8}.Debug|Any CPU.Build.0 = Debug|Any CPU
		{EFC67A80-4123-4E48-A811-10D1C6C877B8}.Release|Any CPU.ActiveCfg = Release|Any CPU
		{EFC67A80-4123-4E48-A811-10D1C6C877B8}.Release|Any CPU.Build.0 = Release|Any CPU
	EndGlobalSection
	GlobalSection(SolutionProperties) = preSolution
		HideSolutionNode = FALSE
	EndGlobalSection
	GlobalSection(ExtensibilityGlobals) = postSolution
		SolutionGuid = {FC621475-6DD6-492D-AFB7-4D1F853345C3}
	EndGlobalSection
EndGlobal
