
Microsoft Visual Studio Solution File, Format Version 12.00
# Visual Studio Version 16
VisualStudioVersion = 16.0.30804.86
MinimumVisualStudioVersion = 10.0.40219.1
Project("{FAE04EC0-301F-11D3-BF4B-00C04F79EFBC}") = "LCSOptimalSpace", "LCSOptimalSpace\LCSOptimalSpace.csproj", "{78F70137-AB14-4FD5-BC20-4530A86B727E}"
EndProject
Global
	GlobalSection(SolutionConfigurationPlatforms) = preSolution
		Debug|Any CPU = Debug|Any CPU
		Release|Any CPU = Release|Any CPU
	EndGlobalSection
	GlobalSection(ProjectConfigurationPlatforms) = postSolution
		{78F70137-AB14-4FD5-BC20-4530A86B727E}.Debug|Any CPU.ActiveCfg = Debug|Any CPU
		{78F70137-AB14-4FD5-BC20-4530A86B727E}.Debug|Any CPU.Build.0 = Debug|Any CPU
		{78F70137-AB14-4FD5-BC20-4530A86B727E}.Release|Any CPU.ActiveCfg = Release|Any CPU
		{78F70137-AB14-4FD5-BC20-4530A86B727E}.Release|Any CPU.Build.0 = Release|Any CPU
	EndGlobalSection
	GlobalSection(SolutionProperties) = preSolution
		HideSolutionNode = FALSE
	EndGlobalSection
	GlobalSection(ExtensibilityGlobals) = postSolution
		SolutionGuid = {BE5B1186-C327-476B-A590-FE65F24502D0}
	EndGlobalSection
EndGlobal
