
Microsoft Visual Studio Solution File, Format Version 12.00
# Visual Studio Version 16
VisualStudioVersion = 16.0.30804.86
MinimumVisualStudioVersion = 10.0.40219.1
Project("{FAE04EC0-301F-11D3-BF4B-00C04F79EFBC}") = "GroupingAnagrams", "GroupingAnagrams\GroupingAnagrams.csproj", "{D0CC1C77-A0B9-4723-B218-E731AD50EDDC}"
EndProject
Global
	GlobalSection(SolutionConfigurationPlatforms) = preSolution
		Debug|Any CPU = Debug|Any CPU
		Release|Any CPU = Release|Any CPU
	EndGlobalSection
	GlobalSection(ProjectConfigurationPlatforms) = postSolution
		{D0CC1C77-A0B9-4723-B218-E731AD50EDDC}.Debug|Any CPU.ActiveCfg = Debug|Any CPU
		{D0CC1C77-A0B9-4723-B218-E731AD50EDDC}.Debug|Any CPU.Build.0 = Debug|Any CPU
		{D0CC1C77-A0B9-4723-B218-E731AD50EDDC}.Release|Any CPU.ActiveCfg = Release|Any CPU
		{D0CC1C77-A0B9-4723-B218-E731AD50EDDC}.Release|Any CPU.Build.0 = Release|Any CPU
	EndGlobalSection
	GlobalSection(SolutionProperties) = preSolution
		HideSolutionNode = FALSE
	EndGlobalSection
	GlobalSection(ExtensibilityGlobals) = postSolution
		SolutionGuid = {5A63A838-26B3-49A5-BD43-7BD38C7B9DAF}
	EndGlobalSection
EndGlobal
