
Microsoft Visual Studio Solution File, Format Version 12.00
# Visual Studio Version 16
VisualStudioVersion = 16.0.30804.86
MinimumVisualStudioVersion = 10.0.40219.1
Project("{FAE04EC0-301F-11D3-BF4B-00C04F79EFBC}") = "NQueens", "NQueens\NQueens.csproj", "{4A12B3A1-1392-488E-8A8B-3A2BB5946151}"
EndProject
Global
	GlobalSection(SolutionConfigurationPlatforms) = preSolution
		Debug|Any CPU = Debug|Any CPU
		Release|Any CPU = Release|Any CPU
	EndGlobalSection
	GlobalSection(ProjectConfigurationPlatforms) = postSolution
		{4A12B3A1-1392-488E-8A8B-3A2BB5946151}.Debug|Any CPU.ActiveCfg = Debug|Any CPU
		{4A12B3A1-1392-488E-8A8B-3A2BB5946151}.Debug|Any CPU.Build.0 = Debug|Any CPU
		{4A12B3A1-1392-488E-8A8B-3A2BB5946151}.Release|Any CPU.ActiveCfg = Release|Any CPU
		{4A12B3A1-1392-488E-8A8B-3A2BB5946151}.Release|Any CPU.Build.0 = Release|Any CPU
	EndGlobalSection
	GlobalSection(SolutionProperties) = preSolution
		HideSolutionNode = FALSE
	EndGlobalSection
	GlobalSection(ExtensibilityGlobals) = postSolution
		SolutionGuid = {99AAA794-F698-4D02-BC1B-73B7276EFAB1}
	EndGlobalSection
EndGlobal
