
Microsoft Visual Studio Solution File, Format Version 12.00
# Visual Studio Version 16
VisualStudioVersion = 16.0.30523.141
MinimumVisualStudioVersion = 10.0.40219.1
Project("{FAE04EC0-301F-11D3-BF4B-00C04F79EFBC}") = "DijkstrasAlgorithm", "DijkstrasAlgorithm\DijkstrasAlgorithm.csproj", "{6F9A6E17-55EA-45AA-A1D2-06D7BD611F49}"
EndProject
Global
	GlobalSection(SolutionConfigurationPlatforms) = preSolution
		Debug|Any CPU = Debug|Any CPU
		Release|Any CPU = Release|Any CPU
	EndGlobalSection
	GlobalSection(ProjectConfigurationPlatforms) = postSolution
		{6F9A6E17-55EA-45AA-A1D2-06D7BD611F49}.Debug|Any CPU.ActiveCfg = Debug|Any CPU
		{6F9A6E17-55EA-45AA-A1D2-06D7BD611F49}.Debug|Any CPU.Build.0 = Debug|Any CPU
		{6F9A6E17-55EA-45AA-A1D2-06D7BD611F49}.Release|Any CPU.ActiveCfg = Release|Any CPU
		{6F9A6E17-55EA-45AA-A1D2-06D7BD611F49}.Release|Any CPU.Build.0 = Release|Any CPU
	EndGlobalSection
	GlobalSection(SolutionProperties) = preSolution
		HideSolutionNode = FALSE
	EndGlobalSection
	GlobalSection(ExtensibilityGlobals) = postSolution
		SolutionGuid = {9B6A15A2-3EEB-4A70-883F-AB3ABA8AD4B3}
	EndGlobalSection
EndGlobal
