
Microsoft Visual Studio Solution File, Format Version 12.00
# Visual Studio Version 16
VisualStudioVersion = 16.0.30804.86
MinimumVisualStudioVersion = 10.0.40219.1
Project("{FAE04EC0-301F-11D3-BF4B-00C04F79EFBC}") = "RegexMatchingDP", "RegexMatchingDP\RegexMatchingDP.csproj", "{C6DAFF46-1278-4749-8F1C-66A0024D9B39}"
EndProject
Global
	GlobalSection(SolutionConfigurationPlatforms) = preSolution
		Debug|Any CPU = Debug|Any CPU
		Release|Any CPU = Release|Any CPU
	EndGlobalSection
	GlobalSection(ProjectConfigurationPlatforms) = postSolution
		{C6DAFF46-1278-4749-8F1C-66A0024D9B39}.Debug|Any CPU.ActiveCfg = Debug|Any CPU
		{C6DAFF46-1278-4749-8F1C-66A0024D9B39}.Debug|Any CPU.Build.0 = Debug|Any CPU
		{C6DAFF46-1278-4749-8F1C-66A0024D9B39}.Release|Any CPU.ActiveCfg = Release|Any CPU
		{C6DAFF46-1278-4749-8F1C-66A0024D9B39}.Release|Any CPU.Build.0 = Release|Any CPU
	EndGlobalSection
	GlobalSection(SolutionProperties) = preSolution
		HideSolutionNode = FALSE
	EndGlobalSection
	GlobalSection(ExtensibilityGlobals) = postSolution
		SolutionGuid = {BB646287-492D-43DA-8C7D-3EB38678609C}
	EndGlobalSection
EndGlobal
