
Microsoft Visual Studio Solution File, Format Version 12.00
# Visual Studio Version 16
VisualStudioVersion = 16.0.30804.86
MinimumVisualStudioVersion = 10.0.40219.1
Project("{FAE04EC0-301F-11D3-BF4B-00C04F79EFBC}") = "IsOneEditDistance", "IsOneEditDistance\IsOneEditDistance.csproj", "{382EB4E6-E67B-4519-BBEC-1375FE9D071B}"
EndProject
Global
	GlobalSection(SolutionConfigurationPlatforms) = preSolution
		Debug|Any CPU = Debug|Any CPU
		Release|Any CPU = Release|Any CPU
	EndGlobalSection
	GlobalSection(ProjectConfigurationPlatforms) = postSolution
		{382EB4E6-E67B-4519-BBEC-1375FE9D071B}.Debug|Any CPU.ActiveCfg = Debug|Any CPU
		{382EB4E6-E67B-4519-BBEC-1375FE9D071B}.Debug|Any CPU.Build.0 = Debug|Any CPU
		{382EB4E6-E67B-4519-BBEC-1375FE9D071B}.Release|Any CPU.ActiveCfg = Release|Any CPU
		{382EB4E6-E67B-4519-BBEC-1375FE9D071B}.Release|Any CPU.Build.0 = Release|Any CPU
	EndGlobalSection
	GlobalSection(SolutionProperties) = preSolution
		HideSolutionNode = FALSE
	EndGlobalSection
	GlobalSection(ExtensibilityGlobals) = postSolution
		SolutionGuid = {21CD93E5-7998-4212-8CB2-61256073BB3A}
	EndGlobalSection
EndGlobal
