
Microsoft Visual Studio Solution File, Format Version 12.00
# Visual Studio Version 16
VisualStudioVersion = 16.0.30804.86
MinimumVisualStudioVersion = 10.0.40219.1
Project("{FAE04EC0-301F-11D3-BF4B-00C04F79EFBC}") = "LevelOrderTraversals", "LevelOrderTraversals\LevelOrderTraversals.csproj", "{C78C07A1-92C9-4BAB-B887-D7BB81AE69F4}"
EndProject
Global
	GlobalSection(SolutionConfigurationPlatforms) = preSolution
		Debug|Any CPU = Debug|Any CPU
		Release|Any CPU = Release|Any CPU
	EndGlobalSection
	GlobalSection(ProjectConfigurationPlatforms) = postSolution
		{C78C07A1-92C9-4BAB-B887-D7BB81AE69F4}.Debug|Any CPU.ActiveCfg = Debug|Any CPU
		{C78C07A1-92C9-4BAB-B887-D7BB81AE69F4}.Debug|Any CPU.Build.0 = Debug|Any CPU
		{C78C07A1-92C9-4BAB-B887-D7BB81AE69F4}.Release|Any CPU.ActiveCfg = Release|Any CPU
		{C78C07A1-92C9-4BAB-B887-D7BB81AE69F4}.Release|Any CPU.Build.0 = Release|Any CPU
	EndGlobalSection
	GlobalSection(SolutionProperties) = preSolution
		HideSolutionNode = FALSE
	EndGlobalSection
	GlobalSection(ExtensibilityGlobals) = postSolution
		SolutionGuid = {C3F25F7B-C03E-4D5B-BC19-CBC4D482ADF9}
	EndGlobalSection
EndGlobal
