
Microsoft Visual Studio Solution File, Format Version 12.00
# Visual Studio Version 16
VisualStudioVersion = 16.0.30804.86
MinimumVisualStudioVersion = 10.0.40219.1
Project("{FAE04EC0-301F-11D3-BF4B-00C04F79EFBC}") = "AirportConnections", "AirportConnections\AirportConnections.csproj", "{719C4B8D-C982-4F8B-BEEC-814B270236F7}"
EndProject
Global
	GlobalSection(SolutionConfigurationPlatforms) = preSolution
		Debug|Any CPU = Debug|Any CPU
		Release|Any CPU = Release|Any CPU
	EndGlobalSection
	GlobalSection(ProjectConfigurationPlatforms) = postSolution
		{719C4B8D-C982-4F8B-BEEC-814B270236F7}.Debug|Any CPU.ActiveCfg = Debug|Any CPU
		{719C4B8D-C982-4F8B-BEEC-814B270236F7}.Debug|Any CPU.Build.0 = Debug|Any CPU
		{719C4B8D-C982-4F8B-BEEC-814B270236F7}.Release|Any CPU.ActiveCfg = Release|Any CPU
		{719C4B8D-C982-4F8B-BEEC-814B270236F7}.Release|Any CPU.Build.0 = Release|Any CPU
	EndGlobalSection
	GlobalSection(SolutionProperties) = preSolution
		HideSolutionNode = FALSE
	EndGlobalSection
	GlobalSection(ExtensibilityGlobals) = postSolution
		SolutionGuid = {BC686F32-0367-4A3A-A27C-8251D5DCFCFE}
	EndGlobalSection
EndGlobal
