
Microsoft Visual Studio Solution File, Format Version 12.00
# Visual Studio Version 16
VisualStudioVersion = 16.0.30804.86
MinimumVisualStudioVersion = 10.0.40219.1
Project("{FAE04EC0-301F-11D3-BF4B-00C04F79EFBC}") = "NumberOfIslandsCounting", "NumberOfIslandsCounting\NumberOfIslandsCounting.csproj", "{F3E5E6A7-68FC-4033-A963-BE72635C965C}"
EndProject
Global
	GlobalSection(SolutionConfigurationPlatforms) = preSolution
		Debug|Any CPU = Debug|Any CPU
		Release|Any CPU = Release|Any CPU
	EndGlobalSection
	GlobalSection(ProjectConfigurationPlatforms) = postSolution
		{F3E5E6A7-68FC-4033-A963-BE72635C965C}.Debug|Any CPU.ActiveCfg = Debug|Any CPU
		{F3E5E6A7-68FC-4033-A963-BE72635C965C}.Debug|Any CPU.Build.0 = Debug|Any CPU
		{F3E5E6A7-68FC-4033-A963-BE72635C965C}.Release|Any CPU.ActiveCfg = Release|Any CPU
		{F3E5E6A7-68FC-4033-A963-BE72635C965C}.Release|Any CPU.Build.0 = Release|Any CPU
	EndGlobalSection
	GlobalSection(SolutionProperties) = preSolution
		HideSolutionNode = FALSE
	EndGlobalSection
	GlobalSection(ExtensibilityGlobals) = postSolution
		SolutionGuid = {64F5608A-ED04-4DBD-8444-62164EE183CE}
	EndGlobalSection
EndGlobal
