
Microsoft Visual Studio Solution File, Format Version 12.00
# Visual Studio Version 16
VisualStudioVersion = 16.0.30804.86
MinimumVisualStudioVersion = 10.0.40219.1
Project("{FAE04EC0-301F-11D3-BF4B-00C04F79EFBC}") = "TreeSerializingAndDeserializing", "TreeSerializingAndDeserializing\TreeSerializingAndDeserializing.csproj", "{146C0EFF-0E42-40C9-B769-653FBD86828A}"
EndProject
Global
	GlobalSection(SolutionConfigurationPlatforms) = preSolution
		Debug|Any CPU = Debug|Any CPU
		Release|Any CPU = Release|Any CPU
	EndGlobalSection
	GlobalSection(ProjectConfigurationPlatforms) = postSolution
		{146C0EFF-0E42-40C9-B769-653FBD86828A}.Debug|Any CPU.ActiveCfg = Debug|Any CPU
		{146C0EFF-0E42-40C9-B769-653FBD86828A}.Debug|Any CPU.Build.0 = Debug|Any CPU
		{146C0EFF-0E42-40C9-B769-653FBD86828A}.Release|Any CPU.ActiveCfg = Release|Any CPU
		{146C0EFF-0E42-40C9-B769-653FBD86828A}.Release|Any CPU.Build.0 = Release|Any CPU
	EndGlobalSection
	GlobalSection(SolutionProperties) = preSolution
		HideSolutionNode = FALSE
	EndGlobalSection
	GlobalSection(ExtensibilityGlobals) = postSolution
		SolutionGuid = {DD7D0B04-A8B3-4E70-853E-F00651A3819C}
	EndGlobalSection
EndGlobal
