
Microsoft Visual Studio Solution File, Format Version 12.00
# Visual Studio Version 16
VisualStudioVersion = 16.0.30523.141
MinimumVisualStudioVersion = 10.0.40219.1
Project("{FAE04EC0-301F-11D3-BF4B-00C04F79EFBC}") = "ShortenPath", "ShortenPath\ShortenPath.csproj", "{ACE9FE0E-935A-47A7-B999-531F8767FD1B}"
EndProject
Global
	GlobalSection(SolutionConfigurationPlatforms) = preSolution
		Debug|Any CPU = Debug|Any CPU
		Release|Any CPU = Release|Any CPU
	EndGlobalSection
	GlobalSection(ProjectConfigurationPlatforms) = postSolution
		{ACE9FE0E-935A-47A7-B999-531F8767FD1B}.Debug|Any CPU.ActiveCfg = Debug|Any CPU
		{ACE9FE0E-935A-47A7-B999-531F8767FD1B}.Debug|Any CPU.Build.0 = Debug|Any CPU
		{ACE9FE0E-935A-47A7-B999-531F8767FD1B}.Release|Any CPU.ActiveCfg = Release|Any CPU
		{ACE9FE0E-935A-47A7-B999-531F8767FD1B}.Release|Any CPU.Build.0 = Release|Any CPU
	EndGlobalSection
	GlobalSection(SolutionProperties) = preSolution
		HideSolutionNode = FALSE
	EndGlobalSection
	GlobalSection(ExtensibilityGlobals) = postSolution
		SolutionGuid = {9424ECBB-66B5-4BB5-AE0C-9421E798D6CF}
	EndGlobalSection
EndGlobal
